// !$*UTF8*$!
{
	archiveVersion = 1;
	classes = {
	};
	objectVersion = 56;
	objects = {

/* Begin PBXBuildFile section */
		C800E4F42B9F1953000EDA70 /* GFTitleLabel.swift in Sources */ = {isa = PBXBuildFile; fileRef = C800E4F32B9F1953000EDA70 /* GFTitleLabel.swift */; };
		C800E4F62B9F1AB7000EDA70 /* GFBodyLabel.swift in Sources */ = {isa = PBXBuildFile; fileRef = C800E4F52B9F1AB7000EDA70 /* GFBodyLabel.swift */; };
		C800E4F82B9F1B9A000EDA70 /* GFAlertViewController.swift in Sources */ = {isa = PBXBuildFile; fileRef = C800E4F72B9F1B9A000EDA70 /* GFAlertViewController.swift */; };
		C800E4FA2B9F2331000EDA70 /* UIViewControllerExtension.swift in Sources */ = {isa = PBXBuildFile; fileRef = C800E4F92B9F2331000EDA70 /* UIViewControllerExtension.swift */; };
		C802F4062BCD2E9700A7F012 /* GFItemInfoView.swift in Sources */ = {isa = PBXBuildFile; fileRef = C802F4052BCD2E9700A7F012 /* GFItemInfoView.swift */; };
		C824AC812BA44F1300B6F2A1 /* NetworkManager.swift in Sources */ = {isa = PBXBuildFile; fileRef = C824AC802BA44F1300B6F2A1 /* NetworkManager.swift */; };
		C828EFEC2B909AAA000613BF /* SearchViewController.swift in Sources */ = {isa = PBXBuildFile; fileRef = C828EFEB2B909AAA000613BF /* SearchViewController.swift */; };
		C828EFEE2B909AD7000613BF /* FavouritesListViewController.swift in Sources */ = {isa = PBXBuildFile; fileRef = C828EFED2B909AD7000613BF /* FavouritesListViewController.swift */; };
		C82EC8CA2BCFCC410009075B /* GFRepoItemViewController.swift in Sources */ = {isa = PBXBuildFile; fileRef = C82EC8C92BCFCC410009075B /* GFRepoItemViewController.swift */; };
		C82EC8CF2BCFCFD40009075B /* GFFollowerItemViewController.swift in Sources */ = {isa = PBXBuildFile; fileRef = C82EC8CE2BCFCFD40009075B /* GFFollowerItemViewController.swift */; };
		C8311EFA2BC6850600AD8DEA /* GFUserInfoHeaderViewController.swift in Sources */ = {isa = PBXBuildFile; fileRef = C8311EF92BC6850600AD8DEA /* GFUserInfoHeaderViewController.swift */; };
		C8311EFC2BC6877B00AD8DEA /* GFSecondaryTitleLabel.swift in Sources */ = {isa = PBXBuildFile; fileRef = C8311EFB2BC6877B00AD8DEA /* GFSecondaryTitleLabel.swift */; };
		C833AAEB2BAADB0200B60E8D /* FollowerCollectionViewCell.swift in Sources */ = {isa = PBXBuildFile; fileRef = C833AAEA2BAADB0200B60E8D /* FollowerCollectionViewCell.swift */; };
		C833AAED2BAADB9300B60E8D /* GFAvatarImageView.swift in Sources */ = {isa = PBXBuildFile; fileRef = C833AAEC2BAADB9300B60E8D /* GFAvatarImageView.swift */; };
		C83F0DA32B98687C00A9CE63 /* FollowerListViewController.swift in Sources */ = {isa = PBXBuildFile; fileRef = C83F0DA22B98687C00A9CE63 /* FollowerListViewController.swift */; };
		C83F0DA52B98719500A9CE63 /* StringExtension.swift in Sources */ = {isa = PBXBuildFile; fileRef = C83F0DA42B98719500A9CE63 /* StringExtension.swift */; };
		C8440A8B2BC3F62000B576B5 /* UserInfoViewController.swift in Sources */ = {isa = PBXBuildFile; fileRef = C8440A8A2BC3F62000B576B5 /* UserInfoViewController.swift */; };
		C84602652BBD4E6700D5B919 /* GFEmptyStateView.swift in Sources */ = {isa = PBXBuildFile; fileRef = C84602642BBD4E6700D5B919 /* GFEmptyStateView.swift */; };
		C87C5B8B2B8F2A9A00633E61 /* AppDelegate.swift in Sources */ = {isa = PBXBuildFile; fileRef = C87C5B8A2B8F2A9A00633E61 /* AppDelegate.swift */; };
		C87C5B8D2B8F2A9A00633E61 /* SceneDelegate.swift in Sources */ = {isa = PBXBuildFile; fileRef = C87C5B8C2B8F2A9A00633E61 /* SceneDelegate.swift */; };
		C87C5B942B8F2A9B00633E61 /* Assets.xcassets in Resources */ = {isa = PBXBuildFile; fileRef = C87C5B932B8F2A9B00633E61 /* Assets.xcassets */; };
		C87C5B972B8F2A9B00633E61 /* LaunchScreen.storyboard in Resources */ = {isa = PBXBuildFile; fileRef = C87C5B952B8F2A9B00633E61 /* LaunchScreen.storyboard */; };
		C88AA11D2BF35DEE00A76E77 /* PersistenceManager.swift in Sources */ = {isa = PBXBuildFile; fileRef = C88AA11C2BF35DEE00A76E77 /* PersistenceManager.swift */; };
		C8A59C022BA1A7B70014ABB0 /* Follower.swift in Sources */ = {isa = PBXBuildFile; fileRef = C8A59C012BA1A7B70014ABB0 /* Follower.swift */; };
		C8A59C042BA1A8D80014ABB0 /* User.swift in Sources */ = {isa = PBXBuildFile; fileRef = C8A59C032BA1A8D80014ABB0 /* User.swift */; };
		C8B6391D2BD6AAC300B2580F /* DateExtension.swift in Sources */ = {isa = PBXBuildFile; fileRef = C8B6391C2BD6AAC300B2580F /* DateExtension.swift */; };
		C8D330A82BC7CF8E0088E882 /* Constants.swift in Sources */ = {isa = PBXBuildFile; fileRef = C8D330A72BC7CF8E0088E882 /* Constants.swift */; };
		C8E5B85A2BCE7486009DE3AF /* GFItemInfoViewController.swift in Sources */ = {isa = PBXBuildFile; fileRef = C8E5B8592BCE7486009DE3AF /* GFItemInfoViewController.swift */; };
		C8E755582B91DD3100EB3716 /* GFButton.swift in Sources */ = {isa = PBXBuildFile; fileRef = C8E755572B91DD3100EB3716 /* GFButton.swift */; };
		C8E7555A2B91E48100EB3716 /* GFTextField.swift in Sources */ = {isa = PBXBuildFile; fileRef = C8E755592B91E48100EB3716 /* GFTextField.swift */; };
		C8F55BB92BA98F3D008BB2B9 /* GFError.swift in Sources */ = {isa = PBXBuildFile; fileRef = C8F55BB82BA98F3D008BB2B9 /* GFError.swift */; };
/* End PBXBuildFile section */

/* Begin PBXFileReference section */
		C800E4F32B9F1953000EDA70 /* GFTitleLabel.swift */ = {isa = PBXFileReference; lastKnownFileType = sourcecode.swift; path = GFTitleLabel.swift; sourceTree = "<group>"; };
		C800E4F52B9F1AB7000EDA70 /* GFBodyLabel.swift */ = {isa = PBXFileReference; lastKnownFileType = sourcecode.swift; path = GFBodyLabel.swift; sourceTree = "<group>"; };
		C800E4F72B9F1B9A000EDA70 /* GFAlertViewController.swift */ = {isa = PBXFileReference; lastKnownFileType = sourcecode.swift; path = GFAlertViewController.swift; sourceTree = "<group>"; };
		C800E4F92B9F2331000EDA70 /* UIViewControllerExtension.swift */ = {isa = PBXFileReference; lastKnownFileType = sourcecode.swift; path = UIViewControllerExtension.swift; sourceTree = "<group>"; };
		C802F4052BCD2E9700A7F012 /* GFItemInfoView.swift */ = {isa = PBXFileReference; lastKnownFileType = sourcecode.swift; path = GFItemInfoView.swift; sourceTree = "<group>"; };
		C824AC802BA44F1300B6F2A1 /* NetworkManager.swift */ = {isa = PBXFileReference; lastKnownFileType = sourcecode.swift; path = NetworkManager.swift; sourceTree = "<group>"; };
		C828EFEB2B909AAA000613BF /* SearchViewController.swift */ = {isa = PBXFileReference; lastKnownFileType = sourcecode.swift; path = SearchViewController.swift; sourceTree = "<group>"; };
		C828EFED2B909AD7000613BF /* FavouritesListViewController.swift */ = {isa = PBXFileReference; lastKnownFileType = sourcecode.swift; path = FavouritesListViewController.swift; sourceTree = "<group>"; };
		C82EC8C92BCFCC410009075B /* GFRepoItemViewController.swift */ = {isa = PBXFileReference; lastKnownFileType = sourcecode.swift; path = GFRepoItemViewController.swift; sourceTree = "<group>"; };
		C82EC8CE2BCFCFD40009075B /* GFFollowerItemViewController.swift */ = {isa = PBXFileReference; lastKnownFileType = sourcecode.swift; path = GFFollowerItemViewController.swift; sourceTree = "<group>"; };
		C8311EF92BC6850600AD8DEA /* GFUserInfoHeaderViewController.swift */ = {isa = PBXFileReference; lastKnownFileType = sourcecode.swift; path = GFUserInfoHeaderViewController.swift; sourceTree = "<group>"; };
		C8311EFB2BC6877B00AD8DEA /* GFSecondaryTitleLabel.swift */ = {isa = PBXFileReference; lastKnownFileType = sourcecode.swift; path = GFSecondaryTitleLabel.swift; sourceTree = "<group>"; };
		C833AAEA2BAADB0200B60E8D /* FollowerCollectionViewCell.swift */ = {isa = PBXFileReference; lastKnownFileType = sourcecode.swift; path = FollowerCollectionViewCell.swift; sourceTree = "<group>"; };
		C833AAEC2BAADB9300B60E8D /* GFAvatarImageView.swift */ = {isa = PBXFileReference; lastKnownFileType = sourcecode.swift; path = GFAvatarImageView.swift; sourceTree = "<group>"; };
		C83F0DA22B98687C00A9CE63 /* FollowerListViewController.swift */ = {isa = PBXFileReference; lastKnownFileType = sourcecode.swift; path = FollowerListViewController.swift; sourceTree = "<group>"; };
		C83F0DA42B98719500A9CE63 /* StringExtension.swift */ = {isa = PBXFileReference; fileEncoding = 4; lastKnownFileType = sourcecode.swift; path = StringExtension.swift; sourceTree = "<group>"; };
		C8440A8A2BC3F62000B576B5 /* UserInfoViewController.swift */ = {isa = PBXFileReference; lastKnownFileType = sourcecode.swift; path = UserInfoViewController.swift; sourceTree = "<group>"; };
		C84602642BBD4E6700D5B919 /* GFEmptyStateView.swift */ = {isa = PBXFileReference; lastKnownFileType = sourcecode.swift; path = GFEmptyStateView.swift; sourceTree = "<group>"; };
		C87C5B872B8F2A9A00633E61 /* GHFollowers.app */ = {isa = PBXFileReference; explicitFileType = wrapper.application; includeInIndex = 0; path = GHFollowers.app; sourceTree = BUILT_PRODUCTS_DIR; };
		C87C5B8A2B8F2A9A00633E61 /* AppDelegate.swift */ = {isa = PBXFileReference; lastKnownFileType = sourcecode.swift; path = AppDelegate.swift; sourceTree = "<group>"; };
		C87C5B8C2B8F2A9A00633E61 /* SceneDelegate.swift */ = {isa = PBXFileReference; lastKnownFileType = sourcecode.swift; path = SceneDelegate.swift; sourceTree = "<group>"; };
		C87C5B932B8F2A9B00633E61 /* Assets.xcassets */ = {isa = PBXFileReference; lastKnownFileType = folder.assetcatalog; path = Assets.xcassets; sourceTree = "<group>"; };
		C87C5B962B8F2A9B00633E61 /* Base */ = {isa = PBXFileReference; lastKnownFileType = file.storyboard; name = Base; path = Base.lproj/LaunchScreen.storyboard; sourceTree = "<group>"; };
		C87C5B982B8F2A9B00633E61 /* Info.plist */ = {isa = PBXFileReference; lastKnownFileType = text.plist.xml; path = Info.plist; sourceTree = "<group>"; };
		C88AA11C2BF35DEE00A76E77 /* PersistenceManager.swift */ = {isa = PBXFileReference; lastKnownFileType = sourcecode.swift; path = PersistenceManager.swift; sourceTree = "<group>"; };
		C8A59C012BA1A7B70014ABB0 /* Follower.swift */ = {isa = PBXFileReference; lastKnownFileType = sourcecode.swift; path = Follower.swift; sourceTree = "<group>"; };
		C8A59C032BA1A8D80014ABB0 /* User.swift */ = {isa = PBXFileReference; lastKnownFileType = sourcecode.swift; path = User.swift; sourceTree = "<group>"; };
		C8B6391C2BD6AAC300B2580F /* DateExtension.swift */ = {isa = PBXFileReference; lastKnownFileType = sourcecode.swift; path = DateExtension.swift; sourceTree = "<group>"; };
		C8D330A72BC7CF8E0088E882 /* Constants.swift */ = {isa = PBXFileReference; lastKnownFileType = sourcecode.swift; path = Constants.swift; sourceTree = "<group>"; };
		C8E5B8592BCE7486009DE3AF /* GFItemInfoViewController.swift */ = {isa = PBXFileReference; lastKnownFileType = sourcecode.swift; path = GFItemInfoViewController.swift; sourceTree = "<group>"; };
		C8E755572B91DD3100EB3716 /* GFButton.swift */ = {isa = PBXFileReference; lastKnownFileType = sourcecode.swift; path = GFButton.swift; sourceTree = "<group>"; };
		C8E755592B91E48100EB3716 /* GFTextField.swift */ = {isa = PBXFileReference; lastKnownFileType = sourcecode.swift; path = GFTextField.swift; sourceTree = "<group>"; };
		C8F55BB82BA98F3D008BB2B9 /* GFError.swift */ = {isa = PBXFileReference; lastKnownFileType = sourcecode.swift; path = GFError.swift; sourceTree = "<group>"; };
/* End PBXFileReference section */

/* Begin PBXFrameworksBuildPhase section */
		C87C5B842B8F2A9A00633E61 /* Frameworks */ = {
			isa = PBXFrameworksBuildPhase;
			buildActionMask = 2147483647;
			files = (
			);
			runOnlyForDeploymentPostprocessing = 0;
		};
/* End PBXFrameworksBuildPhase section */

/* Begin PBXGroup section */
		C824AC7F2BA44ECA00B6F2A1 /* Managers */ = {
			isa = PBXGroup;
			children = (
				C824AC802BA44F1300B6F2A1 /* NetworkManager.swift */,
				C88AA11C2BF35DEE00A76E77 /* PersistenceManager.swift */,
			);
			path = Managers;
			sourceTree = "<group>";
		};
		C82EC8CB2BCFCCF80009075B /* ViewControllers */ = {
			isa = PBXGroup;
			children = (
				C82EC8D02BCFD0730009075B /* ItemInfoViewControllers */,
				C800E4F72B9F1B9A000EDA70 /* GFAlertViewController.swift */,
				C8311EF92BC6850600AD8DEA /* GFUserInfoHeaderViewController.swift */,
			);
			path = ViewControllers;
			sourceTree = "<group>";
		};
		C82EC8CC2BCFCD0E0009075B /* Labels */ = {
			isa = PBXGroup;
			children = (
				C800E4F52B9F1AB7000EDA70 /* GFBodyLabel.swift */,
				C8311EFB2BC6877B00AD8DEA /* GFSecondaryTitleLabel.swift */,
				C800E4F32B9F1953000EDA70 /* GFTitleLabel.swift */,
			);
			path = Labels;
			sourceTree = "<group>";
		};
		C82EC8CD2BCFCD2B0009075B /* Views */ = {
			isa = PBXGroup;
			children = (
				C833AAEC2BAADB9300B60E8D /* GFAvatarImageView.swift */,
				C84602642BBD4E6700D5B919 /* GFEmptyStateView.swift */,
				C802F4052BCD2E9700A7F012 /* GFItemInfoView.swift */,
			);
			path = Views;
			sourceTree = "<group>";
		};
		C82EC8D02BCFD0730009075B /* ItemInfoViewControllers */ = {
			isa = PBXGroup;
			children = (
				C8E5B8592BCE7486009DE3AF /* GFItemInfoViewController.swift */,
				C82EC8C92BCFCC410009075B /* GFRepoItemViewController.swift */,
				C82EC8CE2BCFCFD40009075B /* GFFollowerItemViewController.swift */,
			);
			path = ItemInfoViewControllers;
			sourceTree = "<group>";
		};
		C833AAE92BAADADD00B60E8D /* Cells */ = {
			isa = PBXGroup;
			children = (
				C833AAEA2BAADB0200B60E8D /* FollowerCollectionViewCell.swift */,
			);
			path = Cells;
			sourceTree = "<group>";
		};
		C87C5B7E2B8F2A9A00633E61 = {
			isa = PBXGroup;
			children = (
				C87C5B892B8F2A9A00633E61 /* GHFollowers */,
				C87C5B882B8F2A9A00633E61 /* Products */,
			);
			sourceTree = "<group>";
		};
		C87C5B882B8F2A9A00633E61 /* Products */ = {
			isa = PBXGroup;
			children = (
				C87C5B872B8F2A9A00633E61 /* GHFollowers.app */,
			);
			name = Products;
			sourceTree = "<group>";
		};
		C87C5B892B8F2A9A00633E61 /* GHFollowers */ = {
			isa = PBXGroup;
			children = (
				C8F55BB72BA98E99008BB2B9 /* Utils */,
				C824AC7F2BA44ECA00B6F2A1 /* Managers */,
				C8A59BFF2BA1A1B30014ABB0 /* Support */,
				C8A59BFE2BA1A15F0014ABB0 /* Extensions */,
				C8A59C002BA1A7A70014ABB0 /* Model */,
				C8A59BFD2BA1A1210014ABB0 /* CustomViews */,
				C8A59BFC2BA1A0CC0014ABB0 /* Screens */,
				C87C5B982B8F2A9B00633E61 /* Info.plist */,
			);
			path = GHFollowers;
			sourceTree = "<group>";
		};
		C8A59BFC2BA1A0CC0014ABB0 /* Screens */ = {
			isa = PBXGroup;
			children = (
				C828EFEB2B909AAA000613BF /* SearchViewController.swift */,
				C83F0DA22B98687C00A9CE63 /* FollowerListViewController.swift */,
				C828EFED2B909AD7000613BF /* FavouritesListViewController.swift */,
				C8440A8A2BC3F62000B576B5 /* UserInfoViewController.swift */,
			);
			path = Screens;
			sourceTree = "<group>";
		};
		C8A59BFD2BA1A1210014ABB0 /* CustomViews */ = {
			isa = PBXGroup;
			children = (
				C82EC8CD2BCFCD2B0009075B /* Views */,
				C82EC8CC2BCFCD0E0009075B /* Labels */,
				C82EC8CB2BCFCCF80009075B /* ViewControllers */,
				C833AAE92BAADADD00B60E8D /* Cells */,
				C8E755592B91E48100EB3716 /* GFTextField.swift */,
				C8E755572B91DD3100EB3716 /* GFButton.swift */,
			);
			path = CustomViews;
			sourceTree = "<group>";
		};
		C8A59BFE2BA1A15F0014ABB0 /* Extensions */ = {
			isa = PBXGroup;
			children = (
				C800E4F92B9F2331000EDA70 /* UIViewControllerExtension.swift */,
				C83F0DA42B98719500A9CE63 /* StringExtension.swift */,
				C8B6391C2BD6AAC300B2580F /* DateExtension.swift */,
			);
			path = Extensions;
			sourceTree = "<group>";
		};
		C8A59BFF2BA1A1B30014ABB0 /* Support */ = {
			isa = PBXGroup;
			children = (
				C87C5B8A2B8F2A9A00633E61 /* AppDelegate.swift */,
				C87C5B8C2B8F2A9A00633E61 /* SceneDelegate.swift */,
				C87C5B932B8F2A9B00633E61 /* Assets.xcassets */,
				C87C5B952B8F2A9B00633E61 /* LaunchScreen.storyboard */,
			);
			path = Support;
			sourceTree = "<group>";
		};
		C8A59C002BA1A7A70014ABB0 /* Model */ = {
			isa = PBXGroup;
			children = (
				C8A59C012BA1A7B70014ABB0 /* Follower.swift */,
				C8A59C032BA1A8D80014ABB0 /* User.swift */,
			);
			path = Model;
			sourceTree = "<group>";
		};
		C8F55BB72BA98E99008BB2B9 /* Utils */ = {
			isa = PBXGroup;
			children = (
				C8F55BB82BA98F3D008BB2B9 /* GFError.swift */,
				C8D330A72BC7CF8E0088E882 /* Constants.swift */,
			);
			path = Utils;
			sourceTree = "<group>";
		};
/* End PBXGroup section */

/* Begin PBXNativeTarget section */
		C87C5B862B8F2A9A00633E61 /* GHFollowers */ = {
			isa = PBXNativeTarget;
			buildConfigurationList = C87C5B9B2B8F2A9B00633E61 /* Build configuration list for PBXNativeTarget "GHFollowers" */;
			buildPhases = (
				C87C5B832B8F2A9A00633E61 /* Sources */,
				C87C5B842B8F2A9A00633E61 /* Frameworks */,
				C87C5B852B8F2A9A00633E61 /* Resources */,
			);
			buildRules = (
			);
			dependencies = (
			);
			name = GHFollowers;
			productName = GHFollowers;
			productReference = C87C5B872B8F2A9A00633E61 /* GHFollowers.app */;
			productType = "com.apple.product-type.application";
		};
/* End PBXNativeTarget section */

/* Begin PBXProject section */
		C87C5B7F2B8F2A9A00633E61 /* Project object */ = {
			isa = PBXProject;
			attributes = {
				BuildIndependentTargetsInParallel = 1;
				LastSwiftUpdateCheck = 1520;
				LastUpgradeCheck = 1520;
				TargetAttributes = {
					C87C5B862B8F2A9A00633E61 = {
						CreatedOnToolsVersion = 15.2;
					};
				};
			};
			buildConfigurationList = C87C5B822B8F2A9A00633E61 /* Build configuration list for PBXProject "GHFollowers" */;
			compatibilityVersion = "Xcode 14.0";
			developmentRegion = en;
			hasScannedForEncodings = 0;
			knownRegions = (
				en,
				Base,
			);
			mainGroup = C87C5B7E2B8F2A9A00633E61;
			productRefGroup = C87C5B882B8F2A9A00633E61 /* Products */;
			projectDirPath = "";
			projectRoot = "";
			targets = (
				C87C5B862B8F2A9A00633E61 /* GHFollowers */,
			);
		};
/* End PBXProject section */

/* Begin PBXResourcesBuildPhase section */
		C87C5B852B8F2A9A00633E61 /* Resources */ = {
			isa = PBXResourcesBuildPhase;
			buildActionMask = 2147483647;
			files = (
				C87C5B972B8F2A9B00633E61 /* LaunchScreen.storyboard in Resources */,
				C87C5B942B8F2A9B00633E61 /* Assets.xcassets in Resources */,
			);
			runOnlyForDeploymentPostprocessing = 0;
		};
/* End PBXResourcesBuildPhase section */

/* Begin PBXSourcesBuildPhase section */
		C87C5B832B8F2A9A00633E61 /* Sources */ = {
			isa = PBXSourcesBuildPhase;
			buildActionMask = 2147483647;
			files = (
				C8311EFC2BC6877B00AD8DEA /* GFSecondaryTitleLabel.swift in Sources */,
				C8B6391D2BD6AAC300B2580F /* DateExtension.swift in Sources */,
				C8E7555A2B91E48100EB3716 /* GFTextField.swift in Sources */,
				C828EFEC2B909AAA000613BF /* SearchViewController.swift in Sources */,
				C8E755582B91DD3100EB3716 /* GFButton.swift in Sources */,
				C83F0DA32B98687C00A9CE63 /* FollowerListViewController.swift in Sources */,
				C87C5B8B2B8F2A9A00633E61 /* AppDelegate.swift in Sources */,
				C82EC8CF2BCFCFD40009075B /* GFFollowerItemViewController.swift in Sources */,
				C82EC8CA2BCFCC410009075B /* GFRepoItemViewController.swift in Sources */,
				C8D330A82BC7CF8E0088E882 /* Constants.swift in Sources */,
				C800E4F82B9F1B9A000EDA70 /* GFAlertViewController.swift in Sources */,
				C8A59C042BA1A8D80014ABB0 /* User.swift in Sources */,
				C828EFEE2B909AD7000613BF /* FavouritesListViewController.swift in Sources */,
				C802F4062BCD2E9700A7F012 /* GFItemInfoView.swift in Sources */,
				C8311EFA2BC6850600AD8DEA /* GFUserInfoHeaderViewController.swift in Sources */,
				C833AAED2BAADB9300B60E8D /* GFAvatarImageView.swift in Sources */,
				C833AAEB2BAADB0200B60E8D /* FollowerCollectionViewCell.swift in Sources */,
				C8A59C022BA1A7B70014ABB0 /* Follower.swift in Sources */,
				C800E4F42B9F1953000EDA70 /* GFTitleLabel.swift in Sources */,
				C800E4FA2B9F2331000EDA70 /* UIViewControllerExtension.swift in Sources */,
				C83F0DA52B98719500A9CE63 /* StringExtension.swift in Sources */,
				C84602652BBD4E6700D5B919 /* GFEmptyStateView.swift in Sources */,
				C88AA11D2BF35DEE00A76E77 /* PersistenceManager.swift in Sources */,
				C8F55BB92BA98F3D008BB2B9 /* GFError.swift in Sources */,
				C824AC812BA44F1300B6F2A1 /* NetworkManager.swift in Sources */,
				C8E5B85A2BCE7486009DE3AF /* GFItemInfoViewController.swift in Sources */,
				C8440A8B2BC3F62000B576B5 /* UserInfoViewController.swift in Sources */,
				C87C5B8D2B8F2A9A00633E61 /* SceneDelegate.swift in Sources */,
				C800E4F62B9F1AB7000EDA70 /* GFBodyLabel.swift in Sources */,
			);
			runOnlyForDeploymentPostprocessing = 0;
		};
/* End PBXSourcesBuildPhase section */

/* Begin PBXVariantGroup section */
		C87C5B952B8F2A9B00633E61 /* LaunchScreen.storyboard */ = {
			isa = PBXVariantGroup;
			children = (
				C87C5B962B8F2A9B00633E61 /* Base */,
			);
			name = LaunchScreen.storyboard;
			sourceTree = "<group>";
		};
/* End PBXVariantGroup section */

/* Begin XCBuildConfiguration section */
		C87C5B992B8F2A9B00633E61 /* Debug */ = {
			isa = XCBuildConfiguration;
			buildSettings = {
				ALWAYS_SEARCH_USER_PATHS = NO;
				ASSETCATALOG_COMPILER_GENERATE_SWIFT_ASSET_SYMBOL_EXTENSIONS = YES;
				CLANG_ANALYZER_NONNULL = YES;
				CLANG_ANALYZER_NUMBER_OBJECT_CONVERSION = YES_AGGRESSIVE;
				CLANG_CXX_LANGUAGE_STANDARD = "gnu++20";
				CLANG_ENABLE_MODULES = YES;
				CLANG_ENABLE_OBJC_ARC = YES;
				CLANG_ENABLE_OBJC_WEAK = YES;
				CLANG_WARN_BLOCK_CAPTURE_AUTORELEASING = YES;
				CLANG_WARN_BOOL_CONVERSION = YES;
				CLANG_WARN_COMMA = YES;
				CLANG_WARN_CONSTANT_CONVERSION = YES;
				CLANG_WARN_DEPRECATED_OBJC_IMPLEMENTATIONS = YES;
				CLANG_WARN_DIRECT_OBJC_ISA_USAGE = YES_ERROR;
				CLANG_WARN_DOCUMENTATION_COMMENTS = YES;
				CLANG_WARN_EMPTY_BODY = YES;
				CLANG_WARN_ENUM_CONVERSION = YES;
				CLANG_WARN_INFINITE_RECURSION = YES;
				CLANG_WARN_INT_CONVERSION = YES;
				CLANG_WARN_NON_LITERAL_NULL_CONVERSION = YES;
				CLANG_WARN_OBJC_IMPLICIT_RETAIN_SELF = YES;
				CLANG_WARN_OBJC_LITERAL_CONVERSION = YES;
				CLANG_WARN_OBJC_ROOT_CLASS = YES_ERROR;
				CLANG_WARN_QUOTED_INCLUDE_IN_FRAMEWORK_HEADER = YES;
				CLANG_WARN_RANGE_LOOP_ANALYSIS = YES;
				CLANG_WARN_STRICT_PROTOTYPES = YES;
				CLANG_WARN_SUSPICIOUS_MOVE = YES;
				CLANG_WARN_UNGUARDED_AVAILABILITY = YES_AGGRESSIVE;
				CLANG_WARN_UNREACHABLE_CODE = YES;
				CLANG_WARN__DUPLICATE_METHOD_MATCH = YES;
				COPY_PHASE_STRIP = NO;
				DEBUG_INFORMATION_FORMAT = dwarf;
				ENABLE_STRICT_OBJC_MSGSEND = YES;
				ENABLE_TESTABILITY = YES;
				ENABLE_USER_SCRIPT_SANDBOXING = YES;
				GCC_C_LANGUAGE_STANDARD = gnu17;
				GCC_DYNAMIC_NO_PIC = NO;
				GCC_NO_COMMON_BLOCKS = YES;
				GCC_OPTIMIZATION_LEVEL = 0;
				GCC_PREPROCESSOR_DEFINITIONS = (
					"DEBUG=1",
					"$(inherited)",
				);
				GCC_WARN_64_TO_32_BIT_CONVERSION = YES;
				GCC_WARN_ABOUT_RETURN_TYPE = YES_ERROR;
				GCC_WARN_UNDECLARED_SELECTOR = YES;
				GCC_WARN_UNINITIALIZED_AUTOS = YES_AGGRESSIVE;
				GCC_WARN_UNUSED_FUNCTION = YES;
				GCC_WARN_UNUSED_VARIABLE = YES;
				IPHONEOS_DEPLOYMENT_TARGET = 17.2;
				LOCALIZATION_PREFERS_STRING_CATALOGS = YES;
				MTL_ENABLE_DEBUG_INFO = INCLUDE_SOURCE;
				MTL_FAST_MATH = YES;
				ONLY_ACTIVE_ARCH = YES;
				SDKROOT = iphoneos;
				SWIFT_ACTIVE_COMPILATION_CONDITIONS = "DEBUG $(inherited)";
				SWIFT_OPTIMIZATION_LEVEL = "-Onone";
			};
			name = Debug;
		};
		C87C5B9A2B8F2A9B00633E61 /* Release */ = {
			isa = XCBuildConfiguration;
			buildSettings = {
				ALWAYS_SEARCH_USER_PATHS = NO;
				ASSETCATALOG_COMPILER_GENERATE_SWIFT_ASSET_SYMBOL_EXTENSIONS = YES;
				CLANG_ANALYZER_NONNULL = YES;
				CLANG_ANALYZER_NUMBER_OBJECT_CONVERSION = YES_AGGRESSIVE;
				CLANG_CXX_LANGUAGE_STANDARD = "gnu++20";
				CLANG_ENABLE_MODULES = YES;
				CLANG_ENABLE_OBJC_ARC = YES;
				CLANG_ENABLE_OBJC_WEAK = YES;
				CLANG_WARN_BLOCK_CAPTURE_AUTORELEASING = YES;
				CLANG_WARN_BOOL_CONVERSION = YES;
				CLANG_WARN_COMMA = YES;
				CLANG_WARN_CONSTANT_CONVERSION = YES;
				CLANG_WARN_DEPRECATED_OBJC_IMPLEMENTATIONS = YES;
				CLANG_WARN_DIRECT_OBJC_ISA_USAGE = YES_ERROR;
				CLANG_WARN_DOCUMENTATION_COMMENTS = YES;
				CLANG_WARN_EMPTY_BODY = YES;
				CLANG_WARN_ENUM_CONVERSION = YES;
				CLANG_WARN_INFINITE_RECURSION = YES;
				CLANG_WARN_INT_CONVERSION = YES;
				CLANG_WARN_NON_LITERAL_NULL_CONVERSION = YES;
				CLANG_WARN_OBJC_IMPLICIT_RETAIN_SELF = YES;
				CLANG_WARN_OBJC_LITERAL_CONVERSION = YES;
				CLANG_WARN_OBJC_ROOT_CLASS = YES_ERROR;
				CLANG_WARN_QUOTED_INCLUDE_IN_FRAMEWORK_HEADER = YES;
				CLANG_WARN_RANGE_LOOP_ANALYSIS = YES;
				CLANG_WARN_STRICT_PROTOTYPES = YES;
				CLANG_WARN_SUSPICIOUS_MOVE = YES;
				CLANG_WARN_UNGUARDED_AVAILABILITY = YES_AGGRESSIVE;
				CLANG_WARN_UNREACHABLE_CODE = YES;
				CLANG_WARN__DUPLICATE_METHOD_MATCH = YES;
				COPY_PHASE_STRIP = NO;
				DEBUG_INFORMATION_FORMAT = "dwarf-with-dsym";
				ENABLE_NS_ASSERTIONS = NO;
				ENABLE_STRICT_OBJC_MSGSEND = YES;
				ENABLE_USER_SCRIPT_SANDBOXING = YES;
				GCC_C_LANGUAGE_STANDARD = gnu17;
				GCC_NO_COMMON_BLOCKS = YES;
				GCC_WARN_64_TO_32_BIT_CONVERSION = YES;
				GCC_WARN_ABOUT_RETURN_TYPE = YES_ERROR;
				GCC_WARN_UNDECLARED_SELECTOR = YES;
				GCC_WARN_UNINITIALIZED_AUTOS = YES_AGGRESSIVE;
				GCC_WARN_UNUSED_FUNCTION = YES;
				GCC_WARN_UNUSED_VARIABLE = YES;
				IPHONEOS_DEPLOYMENT_TARGET = 17.2;
				LOCALIZATION_PREFERS_STRING_CATALOGS = YES;
				MTL_ENABLE_DEBUG_INFO = NO;
				MTL_FAST_MATH = YES;
				SDKROOT = iphoneos;
				SWIFT_COMPILATION_MODE = wholemodule;
				VALIDATE_PRODUCT = YES;
			};
			name = Release;
		};
		C87C5B9C2B8F2A9B00633E61 /* Debug */ = {
			isa = XCBuildConfiguration;
			buildSettings = {
				ASSETCATALOG_COMPILER_APPICON_NAME = AppIcon;
				ASSETCATALOG_COMPILER_GLOBAL_ACCENT_COLOR_NAME = AccentColor;
				CODE_SIGN_STYLE = Automatic;
				CURRENT_PROJECT_VERSION = 1;
				GENERATE_INFOPLIST_FILE = YES;
				INFOPLIST_FILE = GHFollowers/Info.plist;
				INFOPLIST_KEY_UIApplicationSupportsIndirectInputEvents = YES;
				INFOPLIST_KEY_UILaunchStoryboardName = LaunchScreen;
				INFOPLIST_KEY_UISupportedInterfaceOrientations = UIInterfaceOrientationPortrait;
				INFOPLIST_KEY_UISupportedInterfaceOrientations_iPad = "UIInterfaceOrientationPortrait UIInterfaceOrientationPortraitUpsideDown";
				LD_RUNPATH_SEARCH_PATHS = (
					"$(inherited)",
					"@executable_path/Frameworks",
				);
				MARKETING_VERSION = 1.0;
				PRODUCT_BUNDLE_IDENTIFIER = co.marianaramos.GHFollowers;
				PRODUCT_NAME = "$(TARGET_NAME)";
				SWIFT_EMIT_LOC_STRINGS = YES;
				SWIFT_VERSION = 5.0;
				TARGETED_DEVICE_FAMILY = "1,2";
			};
			name = Debug;
		};
		C87C5B9D2B8F2A9B00633E61 /* Release */ = {
			isa = XCBuildConfiguration;
			buildSettings = {
				ASSETCATALOG_COMPILER_APPICON_NAME = AppIcon;
				ASSETCATALOG_COMPILER_GLOBAL_ACCENT_COLOR_NAME = AccentColor;
				CODE_SIGN_STYLE = Automatic;
				CURRENT_PROJECT_VERSION = 1;
				GENERATE_INFOPLIST_FILE = YES;
				INFOPLIST_FILE = GHFollowers/Info.plist;
				INFOPLIST_KEY_UIApplicationSupportsIndirectInputEvents = YES;
				INFOPLIST_KEY_UILaunchStoryboardName = LaunchScreen;
				INFOPLIST_KEY_UISupportedInterfaceOrientations = UIInterfaceOrientationPortrait;
				INFOPLIST_KEY_UISupportedInterfaceOrientations_iPad = "UIInterfaceOrientationPortrait UIInterfaceOrientationPortraitUpsideDown";
				LD_RUNPATH_SEARCH_PATHS = (
					"$(inherited)",
					"@executable_path/Frameworks",
				);
				MARKETING_VERSION = 1.0;
				PRODUCT_BUNDLE_IDENTIFIER = co.marianaramos.GHFollowers;
				PRODUCT_NAME = "$(TARGET_NAME)";
				SWIFT_EMIT_LOC_STRINGS = YES;
				SWIFT_VERSION = 5.0;
				TARGETED_DEVICE_FAMILY = "1,2";
			};
			name = Release;
		};
/* End XCBuildConfiguration section */

/* Begin XCConfigurationList section */
		C87C5B822B8F2A9A00633E61 /* Build configuration list for PBXProject "GHFollowers" */ = {
			isa = XCConfigurationList;
			buildConfigurations = (
				C87C5B992B8F2A9B00633E61 /* Debug */,
				C87C5B9A2B8F2A9B00633E61 /* Release */,
			);
			defaultConfigurationIsVisible = 0;
			defaultConfigurationName = Release;
		};
		C87C5B9B2B8F2A9B00633E61 /* Build configuration list for PBXNativeTarget "GHFollowers" */ = {
			isa = XCConfigurationList;
			buildConfigurations = (
				C87C5B9C2B8F2A9B00633E61 /* Debug */,
				C87C5B9D2B8F2A9B00633E61 /* Release */,
			);
			defaultConfigurationIsVisible = 0;
			defaultConfigurationName = Release;
		};
/* End XCConfigurationList section */
	};
	rootObject = C87C5B7F2B8F2A9A00633E61 /* Project object */;
}
